{
  "originHash" : "f773c57e14e074b89f65dcd5a2da34bc96af57730883e1b66443b130aca54633",
  "pins" : [
    {
      "identity" : "swift-enet",
      "kind" : "remoteSourceControl",
      "location" : "https://github.com/wiedymi/swift-enet.git",
      "state" : {
        "revision" : "173a6a9862a3e06f2041a4ebc115641a3adb968e"
      }
    }
  ],
  "version" : 3
}
