{
  "originHash" : "5997003c2038b6b77aa89cc13e46fbe3788d935d13bf48ac69b7f6de5d91824e",
  "pins" : [
    {
      "identity" : "swift-enet",
      "kind" : "remoteSourceControl",
      "location" : "https://github.com/wiedymi/swift-enet.git",
      "state" : {
        "revision" : "6bb6c4d8fffd5e4ca250319424cac89109f9920d"
      }
    }
  ],
  "version" : 3
}
